
Microsoft Visual Studio Solution File, Format Version 12.00
# Visual Studio 2012
Project("{FAE04EC0-301F-11D3-BF4B-00C04F79EFBC}") = "PlanarGraph", "PlanarGraph\PlanarGraph.csproj", "{2AB016DE-B835-40F1-96D3-A62E3ECCEBE6}"
EndProject
Project("{FAE04EC0-301F-11D3-BF4B-00C04F79EFBC}") = "PlanarGraph.UnitTest", "PlanarGraph.UnitTest\PlanarGraph.UnitTest.csproj", "{BF20206E-53FF-49C9-A5CF-9BC8730E01F1}"
EndProject
Project("{FAE04EC0-301F-11D3-BF4B-00C04F79EFBC}") = "PlanarGraph.Experiment", "PlanarGraph.Experiment\PlanarGraph.Experiment.csproj", "{F5B57DE6-6426-47B2-AFAD-50A5FD700881}"
EndProject
Global
	GlobalSection(SolutionConfigurationPlatforms) = preSolution
		Debug|Any CPU = Debug|Any CPU
		Release|Any CPU = Release|Any CPU
	EndGlobalSection
	GlobalSection(ProjectConfigurationPlatforms) = postSolution
		{2AB016DE-B835-40F1-96D3-A62E3ECCEBE6}.Debug|Any CPU.ActiveCfg = Debug|Any CPU
		{2AB016DE-B835-40F1-96D3-A62E3ECCEBE6}.Debug|Any CPU.Build.0 = Debug|Any CPU
		{2AB016DE-B835-40F1-96D3-A62E3ECCEBE6}.Release|Any CPU.ActiveCfg = Release|Any CPU
		{2AB016DE-B835-40F1-96D3-A62E3ECCEBE6}.Release|Any CPU.Build.0 = Release|Any CPU
		{BF20206E-53FF-49C9-A5CF-9BC8730E01F1}.Debug|Any CPU.ActiveCfg = Debug|Any CPU
		{BF20206E-53FF-49C9-A5CF-9BC8730E01F1}.Debug|Any CPU.Build.0 = Debug|Any CPU
		{BF20206E-53FF-49C9-A5CF-9BC8730E01F1}.Release|Any CPU.ActiveCfg = Release|Any CPU
		{BF20206E-53FF-49C9-A5CF-9BC8730E01F1}.Release|Any CPU.Build.0 = Release|Any CPU
		{F5B57DE6-6426-47B2-AFAD-50A5FD700881}.Debug|Any CPU.ActiveCfg = Debug|Any CPU
		{F5B57DE6-6426-47B2-AFAD-50A5FD700881}.Debug|Any CPU.Build.0 = Debug|Any CPU
		{F5B57DE6-6426-47B2-AFAD-50A5FD700881}.Release|Any CPU.ActiveCfg = Release|Any CPU
		{F5B57DE6-6426-47B2-AFAD-50A5FD700881}.Release|Any CPU.Build.0 = Release|Any CPU
	EndGlobalSection
	GlobalSection(SolutionProperties) = preSolution
		HideSolutionNode = FALSE
	EndGlobalSection
EndGlobal
